
Microsoft Visual Studio Solution File, Format Version 12.00
# Visual Studio Version 17
VisualStudioVersion = 17.0.31903.59
MinimumVisualStudioVersion = 10.0.40219.1
Project("{2150E333-8FDC-42A3-9474-1A3956D46DE8}") = "src", "src", "{D904AC3E-A941-4850-975E-DD5657322B7D}"
EndProject
Project("{FAE04EC0-301F-11D3-BF4B-00C04F79EFBC}") = "Domain", "src\Domain\Domain.csproj", "{9515F3DC-B0A8-472F-8276-F03A13BDAC5F}"
EndProject
Project("{FAE04EC0-301F-11D3-BF4B-00C04F79EFBC}") = "Application", "src\Application\Application.csproj", "{AFB7A91F-0F22-4A22-814C-CCC502333B52}"
EndProject
Project("{FAE04EC0-301F-11D3-BF4B-00C04F79EFBC}") = "Web", "src\Web\Web.csproj", "{6A446E14-6B61-4482-A2AB-E6F736CF0AEC}"
EndProject
Project("{FAE04EC0-301F-11D3-BF4B-00C04F79EFBC}") = "Infrastructure", "src\Infrastructure\Infrastructure.csproj", "{65963AF9-FC1F-4FFD-9DE6-B295ACED060F}"
EndProject
Global
	GlobalSection(SolutionConfigurationPlatforms) = preSolution
		Debug|Any CPU = Debug|Any CPU
		Release|Any CPU = Release|Any CPU
	EndGlobalSection
	GlobalSection(SolutionProperties) = preSolution
		HideSolutionNode = FALSE
	EndGlobalSection
	GlobalSection(ProjectConfigurationPlatforms) = postSolution
		{9515F3DC-B0A8-472F-8276-F03A13BDAC5F}.Debug|Any CPU.ActiveCfg = Debug|Any CPU
		{9515F3DC-B0A8-472F-8276-F03A13BDAC5F}.Debug|Any CPU.Build.0 = Debug|Any CPU
		{9515F3DC-B0A8-472F-8276-F03A13BDAC5F}.Release|Any CPU.ActiveCfg = Release|Any CPU
		{9515F3DC-B0A8-472F-8276-F03A13BDAC5F}.Release|Any CPU.Build.0 = Release|Any CPU
		{AFB7A91F-0F22-4A22-814C-CCC502333B52}.Debug|Any CPU.ActiveCfg = Debug|Any CPU
		{AFB7A91F-0F22-4A22-814C-CCC502333B52}.Debug|Any CPU.Build.0 = Debug|Any CPU
		{AFB7A91F-0F22-4A22-814C-CCC502333B52}.Release|Any CPU.ActiveCfg = Release|Any CPU
		{AFB7A91F-0F22-4A22-814C-CCC502333B52}.Release|Any CPU.Build.0 = Release|Any CPU
		{6A446E14-6B61-4482-A2AB-E6F736CF0AEC}.Debug|Any CPU.ActiveCfg = Debug|Any CPU
		{6A446E14-6B61-4482-A2AB-E6F736CF0AEC}.Debug|Any CPU.Build.0 = Debug|Any CPU
		{6A446E14-6B61-4482-A2AB-E6F736CF0AEC}.Release|Any CPU.ActiveCfg = Release|Any CPU
		{6A446E14-6B61-4482-A2AB-E6F736CF0AEC}.Release|Any CPU.Build.0 = Release|Any CPU
		{65963AF9-FC1F-4FFD-9DE6-B295ACED060F}.Debug|Any CPU.ActiveCfg = Debug|Any CPU
		{65963AF9-FC1F-4FFD-9DE6-B295ACED060F}.Debug|Any CPU.Build.0 = Debug|Any CPU
		{65963AF9-FC1F-4FFD-9DE6-B295ACED060F}.Release|Any CPU.ActiveCfg = Release|Any CPU
		{65963AF9-FC1F-4FFD-9DE6-B295ACED060F}.Release|Any CPU.Build.0 = Release|Any CPU
	EndGlobalSection
	GlobalSection(NestedProjects) = preSolution
		{9515F3DC-B0A8-472F-8276-F03A13BDAC5F} = {D904AC3E-A941-4850-975E-DD5657322B7D}
		{AFB7A91F-0F22-4A22-814C-CCC502333B52} = {D904AC3E-A941-4850-975E-DD5657322B7D}
		{6A446E14-6B61-4482-A2AB-E6F736CF0AEC} = {D904AC3E-A941-4850-975E-DD5657322B7D}
		{65963AF9-FC1F-4FFD-9DE6-B295ACED060F} = {D904AC3E-A941-4850-975E-DD5657322B7D}
	EndGlobalSection
EndGlobal
